
Microsoft Visual Studio Solution File, Format Version 12.00
# Visual Studio Version 17
VisualStudioVersion = 17.4.32912.340
MinimumVisualStudioVersion = 10.0.40219.1
Project("{FAE04EC0-301F-11D3-BF4B-00C04F79EFBC}") = "HelloAPI", "HelloAPI\HelloAPI.csproj", "{90A830D6-E98C-45B0-B36C-FF2BF9EFD971}"
EndProject
Global
	GlobalSection(SolutionConfigurationPlatforms) = preSolution
		Debug|Any CPU = Debug|Any CPU
		Release|Any CPU = Release|Any CPU
	EndGlobalSection
	GlobalSection(ProjectConfigurationPlatforms) = postSolution
		{90A830D6-E98C-45B0-B36C-FF2BF9EFD971}.Debug|Any CPU.ActiveCfg = Debug|Any CPU
		{90A830D6-E98C-45B0-B36C-FF2BF9EFD971}.Debug|Any CPU.Build.0 = Debug|Any CPU
		{90A830D6-E98C-45B0-B36C-FF2BF9EFD971}.Release|Any CPU.ActiveCfg = Release|Any CPU
		{90A830D6-E98C-45B0-B36C-FF2BF9EFD971}.Release|Any CPU.Build.0 = Release|Any CPU
	EndGlobalSection
	GlobalSection(SolutionProperties) = preSolution
		HideSolutionNode = FALSE
	EndGlobalSection
	GlobalSection(ExtensibilityGlobals) = postSolution
		SolutionGuid = {88D9C856-C8E4-40BF-A10C-8C022D452AB8}
	EndGlobalSection
EndGlobal
